
Microsoft Visual Studio Solution File, Format Version 12.00
# Visual Studio Version 17
VisualStudioVersion = 17.14.36616.10
MinimumVisualStudioVersion = 10.0.40219.1
Project("{FAE04EC0-301F-11D3-BF4B-00C04F79EFBC}") = "SuperSecret", "SuperSecret\SuperSecret.csproj", "{2D149780-E467-48AA-A9EB-C3AE1173CDE3}"
EndProject
Project("{00D1A9C2-B5F0-4AF3-8072-F6C62B433612}") = "SuperSecretDatabase", "SuperSecretDatabase\SuperSecretDatabase.sqlproj", "{ADF23D21-3A98-428E-ADA9-2365EA39F9BB}"
EndProject
Project("{FAE04EC0-301F-11D3-BF4B-00C04F79EFBC}") = "SuperSecretTests", "SuperSecretTests\SuperSecretTests.csproj", "{E64FDBB6-1D24-406A-B12D-F3D6E7869065}"
EndProject
Global
	GlobalSection(SolutionConfigurationPlatforms) = preSolution
		Debug|Any CPU = Debug|Any CPU
		Release|Any CPU = Release|Any CPU
	EndGlobalSection
	GlobalSection(ProjectConfigurationPlatforms) = postSolution
		{2D149780-E467-48AA-A9EB-C3AE1173CDE3}.Debug|Any CPU.ActiveCfg = Debug|Any CPU
		{2D149780-E467-48AA-A9EB-C3AE1173CDE3}.Debug|Any CPU.Build.0 = Debug|Any CPU
		{2D149780-E467-48AA-A9EB-C3AE1173CDE3}.Release|Any CPU.ActiveCfg = Release|Any CPU
		{2D149780-E467-48AA-A9EB-C3AE1173CDE3}.Release|Any CPU.Build.0 = Release|Any CPU
		{ADF23D21-3A98-428E-ADA9-2365EA39F9BB}.Debug|Any CPU.ActiveCfg = Debug|Any CPU
		{ADF23D21-3A98-428E-ADA9-2365EA39F9BB}.Debug|Any CPU.Build.0 = Debug|Any CPU
		{ADF23D21-3A98-428E-ADA9-2365EA39F9BB}.Debug|Any CPU.Deploy.0 = Debug|Any CPU
		{ADF23D21-3A98-428E-ADA9-2365EA39F9BB}.Release|Any CPU.ActiveCfg = Release|Any CPU
		{ADF23D21-3A98-428E-ADA9-2365EA39F9BB}.Release|Any CPU.Build.0 = Release|Any CPU
		{ADF23D21-3A98-428E-ADA9-2365EA39F9BB}.Release|Any CPU.Deploy.0 = Release|Any CPU
		{E64FDBB6-1D24-406A-B12D-F3D6E7869065}.Debug|Any CPU.ActiveCfg = Debug|Any CPU
		{E64FDBB6-1D24-406A-B12D-F3D6E7869065}.Debug|Any CPU.Build.0 = Debug|Any CPU
		{E64FDBB6-1D24-406A-B12D-F3D6E7869065}.Release|Any CPU.ActiveCfg = Release|Any CPU
		{E64FDBB6-1D24-406A-B12D-F3D6E7869065}.Release|Any CPU.Build.0 = Release|Any CPU
	EndGlobalSection
	GlobalSection(SolutionProperties) = preSolution
		HideSolutionNode = FALSE
	EndGlobalSection
	GlobalSection(ExtensibilityGlobals) = postSolution
		SolutionGuid = {41E3814F-2176-49ED-B229-7B7DD20B1E9E}
	EndGlobalSection
EndGlobal
